<?xml version="1.0" encoding="utf-8"?>
<Project ToolsVersion="4.0" xmlns="http://schemas.microsoft.com/developer/msbuild/2003">
  <ItemGroup>
    <Filter Include="GameObject">
      <UniqueIdentifier>{bd9dc1a9-65e6-4fe1-8579-9e8b736d19b2}</UniqueIdentifier>
    </Filter>
    <Filter Include="Main">
      <UniqueIdentifier>{989dd363-a755-45ec-b01a-38379aac8202}</UniqueIdentifier>
    </Filter>
    <Filter Include="Default">
      <UniqueIdentifier>{dbdd4df6-c5f1-43f0-8805-c620a4da771e}</UniqueIdentifier>
    </Filter>
    <Filter Include="Header">
      <UniqueIdentifier>{9c3c6676-e5a0-4206-9919-079371116b25}</UniqueIdentifier>
    </Filter>
    <Filter Include="GameObject\GolemMonster">
      <UniqueIdentifier>{59618ab9-b461-49ee-bc58-79dbbd93f629}</UniqueIdentifier>
    </Filter>
    <Filter Include="GameObject\CactusMonster">
      <UniqueIdentifier>{9372c013-34d1-4fc8-bbd1-7af0176b7d84}</UniqueIdentifier>
    </Filter>
    <Filter Include="GameObject\CactiMonster">
      <UniqueIdentifier>{d90a495d-2b55-43e9-8456-77c2e447c422}</UniqueIdentifier>
    </Filter>
  </ItemGroup>
  <ItemGroup>
    <ClCompile Include="Client_Desert_Server.cpp">
      <Filter>Main</Filter>
    </ClCompile>
    <ClCompile Include="GameObject.cpp">
      <Filter>GameObject</Filter>
    </ClCompile>
    <ClCompile Include="Timer.cpp">
      <Filter>Default</Filter>
    </ClCompile>
    <ClCompile Include="Session.cpp">
      <Filter>Header</Filter>
    </ClCompile>
    <ClCompile Include="SendData.cpp">
      <Filter>Header</Filter>
    </ClCompile>
    <ClCompile Include="GolemMonster.cpp">
      <Filter>GameObject\GolemMonster</Filter>
    </ClCompile>
    <ClCompile Include="CactiMonster.cpp">
      <Filter>GameObject\CactiMonster</Filter>
    </ClCompile>
  </ItemGroup>
  <ItemGroup>
    <ClInclude Include="GameObject.h">
      <Filter>GameObject</Filter>
    </ClInclude>
    <ClInclude Include="resource.h">
      <Filter>Default</Filter>
    </ClInclude>
    <ClInclude Include="Client_Desert_Server.h">
      <Filter>Default</Filter>
    </ClInclude>
    <ClInclude Include="Timer.h">
      <Filter>Default</Filter>
    </ClInclude>
    <ClInclude Include="Session.h">
      <Filter>Header</Filter>
    </ClInclude>
    <ClInclude Include="SendData.h">
      <Filter>Header</Filter>
    </ClInclude>
    <ClInclude Include="Protocol.h">
      <Filter>Header</Filter>
    </ClInclude>
    <ClInclude Include="GolemMonster.h">
      <Filter>GameObject\GolemMonster</Filter>
    </ClInclude>
    <ClInclude Include="CactiMonster.h">
      <Filter>GameObject\CactiMonster</Filter>
    </ClInclude>
  </ItemGroup>
</Project>